#MicroXplorer Configuration settings - do not modify
Dma.Request0=TIM3_CH4/UP
Dma.Request1=USART1_TX
Dma.RequestsNb=2
Dma.TIM3_CH4/UP.0.Direction=DMA_PERIPH_TO_MEMORY
Dma.TIM3_CH4/UP.0.Instance=DMA1_Channel3
Dma.TIM3_CH4/UP.0.MemDataAlignment=DMA_MDATAALIGN_WORD
Dma.TIM3_CH4/UP.0.MemInc=DMA_MINC_ENABLE
Dma.TIM3_CH4/UP.0.Mode=DMA_CIRCULAR
Dma.TIM3_CH4/UP.0.PeriphDataAlignment=DMA_PDATAALIGN_WORD
Dma.TIM3_CH4/UP.0.PeriphInc=DMA_PINC_DISABLE
Dma.TIM3_CH4/UP.0.Priority=DMA_PRIORITY_LOW
Dma.TIM3_CH4/UP.0.RequestParameters=Instance,Direction,PeriphInc,MemInc,PeriphDataAlignment,MemDataAlignment,Mode,Priority
Dma.USART1_TX.1.Direction=DMA_MEMORY_TO_PERIPH
Dma.USART1_TX.1.Instance=DMA1_Channel2
Dma.USART1_TX.1.MemDataAlignment=DMA_MDATAALIGN_BYTE
Dma.USART1_TX.1.MemInc=DMA_MINC_ENABLE
Dma.USART1_TX.1.Mode=DMA_NORMAL
Dma.USART1_TX.1.PeriphDataAlignment=DMA_PDATAALIGN_BYTE
Dma.USART1_TX.1.PeriphInc=DMA_PINC_DISABLE
Dma.USART1_TX.1.Priority=DMA_PRIORITY_LOW
Dma.USART1_TX.1.RequestParameters=Instance,Direction,PeriphInc,MemInc,PeriphDataAlignment,MemDataAlignment,Mode,Priority
File.Version=5
KeepUserPlacement=false
Mcu.Family=STM32F0
Mcu.IP0=DMA
Mcu.IP1=NVIC
Mcu.IP2=RCC
Mcu.IP3=SYS
Mcu.IP4=TIM3
Mcu.IP5=TIM14
Mcu.IP6=TIM16
Mcu.IP7=TIM17
Mcu.IP8=USART1
Mcu.IPNb=9
Mcu.Name=STM32F030F4Px
Mcu.Package=TSSOP20
Mcu.Pin0=PA4
Mcu.Pin1=PA5
Mcu.Pin10=VP_TIM16_VS_ClockSourceINT
Mcu.Pin11=VP_TIM17_VS_ClockSourceINT
Mcu.Pin2=PA6
Mcu.Pin3=PA7
Mcu.Pin4=PB1
Mcu.Pin5=PA9
Mcu.Pin6=PA10
Mcu.Pin7=PA13
Mcu.Pin8=PA14
Mcu.Pin9=VP_TIM14_VS_ClockSourceINT
Mcu.PinsNb=12
Mcu.UserConstants=
Mcu.UserName=STM32F030F4Px
MxCube.Version=4.11.0
MxDb.Version=DB.4.0.110
NVIC.DMA1_Channel2_3_IRQn=true\:0\:0\:false
NVIC.SysTick_IRQn=true\:0\:0\:false
NVIC.TIM14_IRQn=true\:0\:0\:false
NVIC.TIM16_IRQn=true\:0\:0\:false
NVIC.TIM3_IRQn=true\:0\:0\:false
NVIC.USART1_IRQn=true\:0\:0\:false
PA10.Locked=true
PA10.Mode=Asynchronous
PA10.Signal=USART1_RX
PA13.Mode=Serial-WireDebug
PA13.Signal=SYS_SWDIO
PA14.Mode=Serial-WireDebug
PA14.Signal=SYS_SWCLK
PA4.Locked=true
PA4.Signal=S_TIM14_CH1
PA5.Locked=true
PA5.Signal=GPIO_Output
PA6.Locked=true
PA6.Signal=S_TIM16_CH1
PA7.Locked=true
PA7.Signal=S_TIM17_CH1
PA9.Locked=true
PA9.Mode=Asynchronous
PA9.Signal=USART1_TX
PB1.Locked=true
PB1.Signal=S_TIM3_CH4
PCC.Checker=false
PCC.Line=STM32F0x0 Value Line
PCC.MCU=STM32F030F4Px
PCC.MXVersion=4.11.0
PCC.PartNumber=STM32F030F4Px
PCC.Seq0=0
PCC.Series=STM32F0
PCC.Temperature=25
PCC.Vdd=3.6
ProjectManager.AskForMigrate=true
ProjectManager.BackupPrevious=false
ProjectManager.CompilerOptimize=2
ProjectManager.ComputerToolchain=false
ProjectManager.CoupleFile=false
ProjectManager.DeletePrevious=true
ProjectManager.DeviceId=STM32F030F4Px
ProjectManager.FirmwarePackage=STM32Cube FW_F0 V1.4.0
ProjectManager.FreePins=false
ProjectManager.HalAssertFull=false
ProjectManager.KeepUserCode=true
ProjectManager.LastFirmware=true
ProjectManager.LibraryCopy=0
ProjectManager.ProjectBuild=false
ProjectManager.ProjectFileName=OileHeat5.ioc
ProjectManager.ProjectName=OileHeat5
ProjectManager.TargetToolchain=MDK-ARM V5
ProjectManager.ToolChainLocation=
RCC.AHBFreq_Value=48000000
RCC.APB1Freq_Value=48000000
RCC.APB1TimFreq_Value=48000000
RCC.FCLKCortexFreq_Value=48000000
RCC.FamilyName=M
RCC.HCLKFreq_Value=48000000
RCC.IPParameters=FamilyName,PLLCLKFreq_Value,TimSysFreq_Value,PLLMUL,SYSCLKSource,HCLKFreq_Value,AHBFreq_Value,FCLKCortexFreq_Value,APB1TimFreq_Value,APB1Freq_Value,USART1Freq_Value,SYSCLKFreq_VALUE,Usart1ClockSelection
RCC.PLLCLKFreq_Value=48000000
RCC.PLLMUL=RCC_PLL_MUL12
RCC.SYSCLKFreq_VALUE=48000000
RCC.SYSCLKSource=RCC_SYSCLKSOURCE_PLLCLK
RCC.TimSysFreq_Value=48000000
RCC.USART1Freq_Value=48000000
RCC.Usart1ClockSelection=RCC_USART1CLKSOURCE_SYSCLK
SH.S_TIM14_CH1.0=TIM14_CH1,Output Compare1 CH1
SH.S_TIM14_CH1.ConfNb=1
SH.S_TIM16_CH1.0=TIM16_CH1,PWM Generation1 CH1
SH.S_TIM16_CH1.ConfNb=1
SH.S_TIM17_CH1.0=TIM17_CH1,PWM Generation1 CH1
SH.S_TIM17_CH1.ConfNb=1
SH.S_TIM3_CH4.0=TIM3_CH4,Input_Capture4_from_TI4
SH.S_TIM3_CH4.ConfNb=1
TIM14.IPParameters=OCMode_1,Period,Prescaler,Pulse
TIM14.OCMode_1=TIM_OCMODE_TOGGLE
TIM14.Period=0xFFFF
TIM14.Prescaler=479
TIM14.Pulse=400
TIM16.IPParameters=Prescaler,Period,Pulse,OCFastMode_PWM
TIM16.OCFastMode_PWM=TIM_OCFAST_ENABLE
TIM16.Period=10000
TIM16.Prescaler=95
TIM16.Pulse=1000
TIM17.IPParameters=Period,Pulse
TIM17.Period=3199
TIM17.Pulse=500
TIM3.Channel-Input_Capture4_from_TI4=TIM_CHANNEL_4
TIM3.ICFilter_CH4=15
TIM3.ICPolarity_CH4=TIM_INPUTCHANNELPOLARITY_FALLING
TIM3.IPParameters=Channel-Input_Capture4_from_TI4,Period,TIM_MasterOutputTrigger,ICPolarity_CH4,ICFilter_CH4,Prescaler
TIM3.Period=0xffff
TIM3.Prescaler=4799
TIM3.TIM_MasterOutputTrigger=TIM_TRGO_OC1
USART1.BaudRate=115200
USART1.IPParameters=BaudRate
VP_TIM14_VS_ClockSourceINT.Mode=Enable_Timer
VP_TIM14_VS_ClockSourceINT.Signal=TIM14_VS_ClockSourceINT
VP_TIM16_VS_ClockSourceINT.Mode=Enable_Timer
VP_TIM16_VS_ClockSourceINT.Signal=TIM16_VS_ClockSourceINT
VP_TIM17_VS_ClockSourceINT.Mode=Enable_Timer
VP_TIM17_VS_ClockSourceINT.Signal=TIM17_VS_ClockSourceINT
board=OileHeat5
